
Microsoft Visual Studio Solution File, Format Version 12.00
# Visual Studio Version 16
VisualStudioVersion = 16.0.30524.135
MinimumVisualStudioVersion = 10.0.40219.1
Project("{D2ABAB84-BF74-430A-B69E-9DC6D40DDA17}") = "Proyecto4Cubo", "Proyecto4Cubo.dwproj", "{49E88184-C2A3-4A81-8D4A-9EDB9A7293A5}"
EndProject
Global
	GlobalSection(SolutionConfigurationPlatforms) = preSolution
		Development|Default = Development|Default
	EndGlobalSection
	GlobalSection(ProjectConfigurationPlatforms) = postSolution
		{49E88184-C2A3-4A81-8D4A-9EDB9A7293A5}.Development|Default.ActiveCfg = Development
		{49E88184-C2A3-4A81-8D4A-9EDB9A7293A5}.Development|Default.Build.0 = Development
		{49E88184-C2A3-4A81-8D4A-9EDB9A7293A5}.Development|Default.Deploy.0 = Development
	EndGlobalSection
	GlobalSection(SolutionProperties) = preSolution
		HideSolutionNode = FALSE
	EndGlobalSection
	GlobalSection(ExtensibilityGlobals) = postSolution
		SolutionGuid = {64E86874-8D9A-4BE6-B789-E89E7E3EF32A}
	EndGlobalSection
EndGlobal
